# THIS IS AN AUTOGENERATED FILE. DO NOT EDIT THIS FILE DIRECTLY.
# yarn lockfile v1


"@babel/runtime@^7.1.5", "@babel/runtime@^7.12.1", "@babel/runtime@^7.12.5", "@babel/runtime@^7.5.5", "@babel/runtime@^7.6.3", "@babel/runtime@^7.8.7":
  version "7.16.7"
  resolved "https://registry.yarnpkg.com/@babel/runtime/-/runtime-7.16.7.tgz#03ff99f64106588c9c403c6ecb8c3bafbbdff1fa"
  integrity sha512-9E9FJowqAsytyOY6LG+1KuueckRL+aQW+mKvXRXnuFGyRAyepJPmEo9vgMfXUA6O9u3IeEdv9MAkppFcaQwogQ==
  dependencies:
    regenerator-runtime "^0.13.4"

"@popperjs/core@^2.5.3", "@popperjs/core@^2.6.0", "@popperjs/core@^2.9.2":
  version "2.11.2"
  resolved "https://registry.yarnpkg.com/@popperjs/core/-/core-2.11.2.tgz#830beaec4b4091a9e9398ac50f865ddea52186b9"
  integrity sha512-92FRmppjjqz29VMJ2dn+xdyXZBrMlE42AV6Kq6BwjWV7CNUW1hs2FtxSNLQE+gJhaZ6AAmYuO9y8dshhcBl7vA==

"@restart/hooks@^0.3.25":
  version "0.3.27"
  resolved "https://registry.yarnpkg.com/@restart/hooks/-/hooks-0.3.27.tgz#91f356d66d4699a8cd8b3d008402708b6a9dc505"
  integrity sha512-s984xV/EapUIfkjlf8wz9weP2O9TNKR96C68FfMEy2bE69+H4cNv3RD4Mf97lW7Htt7PjZrYTjSC8f3SB9VCXw==
  dependencies:
    dequal "^2.0.2"

"@types/prop-types@*":
  version "15.7.4"
  resolved "https://registry.yarnpkg.com/@types/prop-types/-/prop-types-15.7.4.tgz#fcf7205c25dff795ee79af1e30da2c9790808f11"
  integrity sha512-rZ5drC/jWjrArrS8BR6SIr4cWpW09RNTYt9AMZo3Jwwif+iacXAqgVjm0B0Bv/S1jhDXKHqRVNCbACkJ89RAnQ==

"@types/react@>=16.9.11":
  version "17.0.38"
  resolved "https://registry.yarnpkg.com/@types/react/-/react-17.0.38.tgz#f24249fefd89357d5fa71f739a686b8d7c7202bd"
  integrity sha512-SI92X1IA+FMnP3qM5m4QReluXzhcmovhZnLNm3pyeQlooi02qI7sLiepEYqT678uNiyc25XfCqxREFpy3W7YhQ==
  dependencies:
    "@types/prop-types" "*"
    "@types/scheduler" "*"
    csstype "^3.0.2"

"@types/scheduler@*":
  version "0.16.2"
  resolved "https://registry.yarnpkg.com/@types/scheduler/-/scheduler-0.16.2.tgz#1a62f89525723dde24ba1b01b092bf5df8ad4d39"
  integrity sha512-hppQEBDmlwhFAXKJX2KnWLYu5yMfi91yazPb2l+lbJiwW+wdo1gNeRA+3RgNSO39WYX2euey41KEwnqesU2Jew==

"@types/warning@^3.0.0":
  version "3.0.0"
  resolved "https://registry.yarnpkg.com/@types/warning/-/warning-3.0.0.tgz#0d2501268ad8f9962b740d387c4654f5f8e23e52"
  integrity sha1-DSUBJorY+ZYrdA04fEZU9fjiPlI=

classnames@^2.2.3, classnames@^2.2.6:
  version "2.3.1"
  resolved "https://registry.yarnpkg.com/classnames/-/classnames-2.3.1.tgz#dfcfa3891e306ec1dad105d0e88f4417b8535e8e"
  integrity sha512-OlQdbZ7gLfGarSqxesMesDa5uz7KFbID8Kpq/SxIoNGDqY8lSYs0D+hhtBXhcdB3rcbXArFr7vlHheLk1voeNA==

clsx@^1.0.4:
  version "1.1.1"
  resolved "https://registry.yarnpkg.com/clsx/-/clsx-1.1.1.tgz#98b3134f9abbdf23b2663491ace13c5c03a73188"
  integrity sha512-6/bPho624p3S2pMyvP5kKBPXnI3ufHLObBFCfgx+LkeR5lg2XYy2hqZqUf45ypD8COn2bhgGJSUE+l5dhNBieA==

csstype@^3.0.2:
  version "3.0.10"
  resolved "https://registry.yarnpkg.com/csstype/-/csstype-3.0.10.tgz#2ad3a7bed70f35b965707c092e5f30b327c290e5"
  integrity sha512-2u44ZG2OcNUO9HDp/Jl8C07x6pU/eTR3ncV91SiK3dhG9TWvRVsCoJw14Ckx5DgWkzGA3waZWO3d7pgqpUI/XA==

date-arithmetic@^4.1.0:
  version "4.1.0"
  resolved "https://registry.yarnpkg.com/date-arithmetic/-/date-arithmetic-4.1.0.tgz#e5d6434e9deb71f79760a37b729e4a515e730ddf"
  integrity sha512-QWxYLR5P/6GStZcdem+V1xoto6DMadYWpMXU82ES3/RfR3Wdwr3D0+be7mgOJ+Ov0G9D5Dmb9T17sNLQYj9XOg==

date-fns@^2.24.0, date-fns@^2.28.0:
  version "2.28.0"
  resolved "https://registry.yarnpkg.com/date-fns/-/date-fns-2.28.0.tgz#9570d656f5fc13143e50c975a3b6bbeb46cd08b2"
  integrity sha512-8d35hViGYx/QH0icHYCeLmsLmMUheMmTyV9Fcm6gvNwdw31yXXH+O85sOBJ+OLnLQMKZowvpKb6FgMIQjcpvQw==

datepicker@^0.0.0:
  version "0.0.0"
  resolved "https://registry.yarnpkg.com/datepicker/-/datepicker-0.0.0.tgz#9c2001fbcb1938abc180d42fc082b62d3a061369"
  integrity sha1-nCAB+8sZOKvBgNQvwIK2LToGE2k=

dequal@^2.0.2:
  version "2.0.2"
  resolved "https://registry.yarnpkg.com/dequal/-/dequal-2.0.2.tgz#85ca22025e3a87e65ef75a7a437b35284a7e319d"
  integrity sha512-q9K8BlJVxK7hQYqa6XISGmBZbtQQWVXSrRrWreHC94rMt1QL/Impruc+7p2CYSYuVIUr+YCt6hjrs1kkdJRTug==

dom-helpers@^5.0.1, dom-helpers@^5.1.0, dom-helpers@^5.2.0:
  version "5.2.1"
  resolved "https://registry.yarnpkg.com/dom-helpers/-/dom-helpers-5.2.1.tgz#d9400536b2bf8225ad98fe052e029451ac40e902"
  integrity sha512-nRCa7CK3VTrM2NmGkIy4cbK7IZlgBE/PYMn55rrXefr5xXDP0LdtfPnblFDoVdcAfslJ7or6iqAUnx0CCGIWQA==
  dependencies:
    "@babel/runtime" "^7.8.7"
    csstype "^3.0.2"

invariant@^2.2.4:
  version "2.2.4"
  resolved "https://registry.yarnpkg.com/invariant/-/invariant-2.2.4.tgz#610f3c92c9359ce1db616e538008d23ff35158e6"
  integrity sha512-phJfQVBuaJM5raOpJjSfkiD6BpbCE4Ns//LaXl6wGYtUBY83nWS6Rf9tXm2e8VaK60JEjYldbPif/A2B1C2gNA==
  dependencies:
    loose-envify "^1.0.0"

"js-tokens@^3.0.0 || ^4.0.0":
  version "4.0.0"
  resolved "https://registry.yarnpkg.com/js-tokens/-/js-tokens-4.0.0.tgz#19203fb59991df98e3a287050d4647cdeaf32499"
  integrity sha512-RdJUflcE3cUzKiMqQgsCu06FPu9UdIJO0beYbPhHN4k6apgJtifcoCtT9bcxOpYBtpD2kCM6Sbzg4CausW/PKQ==

lodash-es@^4.17.11:
  version "4.17.21"
  resolved "https://registry.yarnpkg.com/lodash-es/-/lodash-es-4.17.21.tgz#43e626c46e6591b7750beb2b50117390c609e3ee"
  integrity sha512-mKnC+QJ9pWVzv+C4/U3rRsHapFfHvQFoFB92e52xeyGMcX6/OlIl78je1u8vePzYZSkkogMPJ2yjxxsb89cxyw==

lodash@^4.17.11:
  version "4.17.21"
  resolved "https://registry.yarnpkg.com/lodash/-/lodash-4.17.21.tgz#679591c564c3bffaae8454cf0b3df370c3d6911c"
  integrity sha512-v2kDEe57lecTulaDIuNTPy3Ry4gLGJ6Z1O3vE1krgXZNrsQ+LFTGHVxVjcXPs17LhbZVGedAJv8XZ1tvj5FvSg==

loose-envify@^1.0.0, loose-envify@^1.4.0:
  version "1.4.0"
  resolved "https://registry.yarnpkg.com/loose-envify/-/loose-envify-1.4.0.tgz#71ee51fa7be4caec1a63839f7e682d8132d30caf"
  integrity sha512-lyuxPGr/Wfhrlem2CL/UcnUc1zcqKAImBDzukY7Y5F/yQiNdko6+fRLevlw1HgMySw7f611UIY408EtxRSoK3Q==
  dependencies:
    js-tokens "^3.0.0 || ^4.0.0"

memoize-one@^5.1.1:
  version "5.2.1"
  resolved "https://registry.yarnpkg.com/memoize-one/-/memoize-one-5.2.1.tgz#8337aa3c4335581839ec01c3d594090cebe8f00e"
  integrity sha512-zYiwtZUcYyXKo/np96AGZAckk+FWWsUdJ3cHGGmld7+AhvcWmQyGCYUh1hc4Q/pkOhb65dQR/pqCyK0cOaHz4Q==

object-assign@^4.1.1:
  version "4.1.1"
  resolved "https://registry.yarnpkg.com/object-assign/-/object-assign-4.1.1.tgz#2109adc7965887cfc05cbbd442cac8bfbb360863"
  integrity sha1-IQmtx5ZYh8/AXLvUQsrIv7s2CGM=

prop-types@^15.5.8, prop-types@^15.6.2, prop-types@^15.7.2:
  version "15.8.1"
  resolved "https://registry.yarnpkg.com/prop-types/-/prop-types-15.8.1.tgz#67d87bf1a694f48435cf332c24af10214a3140b5"
  integrity sha512-oj87CgZICdulUohogVAR7AjlC0327U4el4L6eAvOqCeudMDVU0NThNaV+b9Df4dXgSP1gXMTnPdhfe/2qDH5cg==
  dependencies:
    loose-envify "^1.4.0"
    object-assign "^4.1.1"
    react-is "^16.13.1"

react-big-calendar@^0.38.6:
  version "0.38.6"
  resolved "https://registry.yarnpkg.com/react-big-calendar/-/react-big-calendar-0.38.6.tgz#06e5063b861695b29dee9629f4888ac974fb45f4"
  integrity sha512-/akVUF+5FJ8gWqHF/gm4Ys/nq/+HQmmSubkgh2VxaOr4BW3rqhZfppmyhjf9lTa1fIKzoAcEXKYQCBzk1e3Oqg==
  dependencies:
    "@babel/runtime" "^7.1.5"
    clsx "^1.0.4"
    date-arithmetic "^4.1.0"
    dom-helpers "^5.1.0"
    invariant "^2.2.4"
    lodash "^4.17.11"
    lodash-es "^4.17.11"
    memoize-one "^5.1.1"
    prop-types "^15.7.2"
    react-overlays "^4.1.1"
    uncontrollable "^7.0.0"

react-datepicker@^4.6.0:
  version "4.6.0"
  resolved "https://registry.yarnpkg.com/react-datepicker/-/react-datepicker-4.6.0.tgz#10fc7c5b9c72df5c3e29712d559cb3fe73fd9f62"
  integrity sha512-JGSQnQSQYUkS7zvSaZuyHv5lxp3wMrN7GXV0VA0E9Ax9fL3Bb6E1pSXjL6C3WoeuV8dt/mItQfRkPpRGCrl/OA==
  dependencies:
    "@popperjs/core" "^2.9.2"
    classnames "^2.2.6"
    date-fns "^2.24.0"
    prop-types "^15.7.2"
    react-onclickoutside "^6.12.0"
    react-popper "^2.2.5"

react-fast-compare@^3.0.1:
  version "3.2.0"
  resolved "https://registry.yarnpkg.com/react-fast-compare/-/react-fast-compare-3.2.0.tgz#641a9da81b6a6320f270e89724fb45a0b39e43bb"
  integrity sha512-rtGImPZ0YyLrscKI9xTpV8psd6I8VAtjKCzQDlzyDvqJA8XOW78TXYQwNRNd8g8JZnDu8q9Fu/1v4HPAVwVdHA==

react-is@^16.13.1:
  version "16.13.1"
  resolved "https://registry.yarnpkg.com/react-is/-/react-is-16.13.1.tgz#789729a4dc36de2999dc156dd6c1d9c18cea56a4"
  integrity sha512-24e6ynE2H+OKt4kqsOvNd8kBpV65zoxbA4BVsEOB3ARVWQki/DHzaUoC5KuON/BiccDaCCTZBuOcfZs70kR8bQ==

react-lifecycles-compat@^3.0.4:
  version "3.0.4"
  resolved "https://registry.yarnpkg.com/react-lifecycles-compat/-/react-lifecycles-compat-3.0.4.tgz#4f1a273afdfc8f3488a8c516bfda78f872352362"
  integrity sha512-fBASbA6LnOU9dOU2eW7aQ8xmYBSXUIWr+UmF9b1efZBazGNO+rcXT/icdKnYm2pTwcRylVUYwW7H1PHfLekVzA==

react-onclickoutside@^6.12.0:
  version "6.12.1"
  resolved "https://registry.yarnpkg.com/react-onclickoutside/-/react-onclickoutside-6.12.1.tgz#92dddd28f55e483a1838c5c2930e051168c1e96b"
  integrity sha512-a5Q7CkWznBRUWPmocCvE8b6lEYw1s6+opp/60dCunhO+G6E4tDTO2Sd2jKE+leEnnrLAE2Wj5DlDHNqj5wPv1Q==

react-overlays@^4.1.1:
  version "4.1.1"
  resolved "https://registry.yarnpkg.com/react-overlays/-/react-overlays-4.1.1.tgz#0060107cbe1c5171a744ccda3fbf0556d064bc5f"
  integrity sha512-WtJifh081e6M24KnvTQoNjQEpz7HoLxqt8TwZM7LOYIkYJ8i/Ly1Xi7RVte87ZVnmqQ4PFaFiNHZhSINPSpdBQ==
  dependencies:
    "@babel/runtime" "^7.12.1"
    "@popperjs/core" "^2.5.3"
    "@restart/hooks" "^0.3.25"
    "@types/warning" "^3.0.0"
    dom-helpers "^5.2.0"
    prop-types "^15.7.2"
    uncontrollable "^7.0.0"
    warning "^4.0.3"

react-popper@^2.2.4, react-popper@^2.2.5:
  version "2.2.5"
  resolved "https://registry.yarnpkg.com/react-popper/-/react-popper-2.2.5.tgz#1214ef3cec86330a171671a4fbcbeeb65ee58e96"
  integrity sha512-kxGkS80eQGtLl18+uig1UIf9MKixFSyPxglsgLBxlYnyDf65BiY9B3nZSc6C9XUNDgStROB0fMQlTEz1KxGddw==
  dependencies:
    react-fast-compare "^3.0.1"
    warning "^4.0.2"

react-strap@^0.0.1:
  version "0.0.1"
  resolved "https://registry.yarnpkg.com/react-strap/-/react-strap-0.0.1.tgz#08f22c5e2a0ae7f475cd5814b89fc0c05a67215e"
  integrity sha1-CPIsXioK5/R1zVgUuJ/AwFpnIV4=

react-transition-group@^4.4.2:
  version "4.4.2"
  resolved "https://registry.yarnpkg.com/react-transition-group/-/react-transition-group-4.4.2.tgz#8b59a56f09ced7b55cbd53c36768b922890d5470"
  integrity sha512-/RNYfRAMlZwDSr6z4zNKV6xu53/e2BuaBbGhbyYIXTrmgu/bGHzmqOs7mJSJBHy9Ud+ApHx3QjrkKSp1pxvlFg==
  dependencies:
    "@babel/runtime" "^7.5.5"
    dom-helpers "^5.0.1"
    loose-envify "^1.4.0"
    prop-types "^15.6.2"

reactstrap@^9.0.1:
  version "9.0.1"
  resolved "https://registry.yarnpkg.com/reactstrap/-/reactstrap-9.0.1.tgz#a6b205861f3e83da55063bc04ba1a069e969f21d"
  integrity sha512-89VOv7SRlAlpS7RwXhzOQkSWkuhBR8LBsPGfNHifNL3WhtNP9y1sBdTcTYyH1ee2QtI8zRdwD0T5I/blHiwemg==
  dependencies:
    "@babel/runtime" "^7.12.5"
    "@popperjs/core" "^2.6.0"
    classnames "^2.2.3"
    prop-types "^15.5.8"
    react-popper "^2.2.4"
    react-transition-group "^4.4.2"

regenerator-runtime@^0.13.4:
  version "0.13.9"
  resolved "https://registry.yarnpkg.com/regenerator-runtime/-/regenerator-runtime-0.13.9.tgz#8925742a98ffd90814988d7566ad30ca3b263b52"
  integrity sha512-p3VT+cOEgxFsRRA9X4lkI1E+k2/CtnKtU4gcxyaCUreilL/vqI6CdZ3wxVUx3UOUg+gnUOQQcRI7BmSI656MYA==

uncontrollable@^7.0.0:
  version "7.2.1"
  resolved "https://registry.yarnpkg.com/uncontrollable/-/uncontrollable-7.2.1.tgz#1fa70ba0c57a14d5f78905d533cf63916dc75738"
  integrity sha512-svtcfoTADIB0nT9nltgjujTi7BzVmwjZClOmskKu/E8FW9BXzg9os8OLr4f8Dlnk0rYWJIWr4wv9eKUXiQvQwQ==
  dependencies:
    "@babel/runtime" "^7.6.3"
    "@types/react" ">=16.9.11"
    invariant "^2.2.4"
    react-lifecycles-compat "^3.0.4"

warning@^4.0.2, warning@^4.0.3:
  version "4.0.3"
  resolved "https://registry.yarnpkg.com/warning/-/warning-4.0.3.tgz#16e9e077eb8a86d6af7d64aa1e05fd85b4678ca3"
  integrity sha512-rpJyN222KWIvHJ/F53XSZv0Zl/accqHR8et1kpaMTD/fLCRxtV8iX8czMzY7sVZupTI3zcUTg8eycS2kNF9l6w==
  dependencies:
    loose-envify "^1.0.0"
